
Microsoft Visual Studio Solution File, Format Version 12.00
# Visual Studio Version 17
VisualStudioVersion = 17.9.34902.65
MinimumVisualStudioVersion = 10.0.40219.1
Project("{9A19103F-16F7-4668-BE54-9A1E7A4F7556}") = "NetApp.Domain", "NetApp.Domain\NetApp.Domain.csproj", "{B0FCD2A2-13D0-48B5-93C0-050A9692FCDD}"
EndProject
Project("{9A19103F-16F7-4668-BE54-9A1E7A4F7556}") = "NetApp.Application", "NetApp.Application\NetApp.Application.csproj", "{118E6817-031B-4DA3-930B-90F9CC403D61}"
EndProject
Project("{9A19103F-16F7-4668-BE54-9A1E7A4F7556}") = "NetApp.Infrastructure", "NetApp.Infrastructure\NetApp.Infrastructure.csproj", "{5CAAFEDA-C380-47EA-A5F0-96E5BCEE007C}"
EndProject
Project("{FAE04EC0-301F-11D3-BF4B-00C04F79EFBC}") = "NetApp.Web", "NetApp.Web\NetApp.Web.csproj", "{0FE4A000-A501-4B9D-9114-FE0E665F5745}"
EndProject
Global
	GlobalSection(SolutionConfigurationPlatforms) = preSolution
		Debug|Any CPU = Debug|Any CPU
		Release|Any CPU = Release|Any CPU
	EndGlobalSection
	GlobalSection(ProjectConfigurationPlatforms) = postSolution
		{B0FCD2A2-13D0-48B5-93C0-050A9692FCDD}.Debug|Any CPU.ActiveCfg = Debug|Any CPU
		{B0FCD2A2-13D0-48B5-93C0-050A9692FCDD}.Debug|Any CPU.Build.0 = Debug|Any CPU
		{B0FCD2A2-13D0-48B5-93C0-050A9692FCDD}.Release|Any CPU.ActiveCfg = Release|Any CPU
		{B0FCD2A2-13D0-48B5-93C0-050A9692FCDD}.Release|Any CPU.Build.0 = Release|Any CPU
		{118E6817-031B-4DA3-930B-90F9CC403D61}.Debug|Any CPU.ActiveCfg = Debug|Any CPU
		{118E6817-031B-4DA3-930B-90F9CC403D61}.Debug|Any CPU.Build.0 = Debug|Any CPU
		{118E6817-031B-4DA3-930B-90F9CC403D61}.Release|Any CPU.ActiveCfg = Release|Any CPU
		{118E6817-031B-4DA3-930B-90F9CC403D61}.Release|Any CPU.Build.0 = Release|Any CPU
		{5CAAFEDA-C380-47EA-A5F0-96E5BCEE007C}.Debug|Any CPU.ActiveCfg = Debug|Any CPU
		{5CAAFEDA-C380-47EA-A5F0-96E5BCEE007C}.Debug|Any CPU.Build.0 = Debug|Any CPU
		{5CAAFEDA-C380-47EA-A5F0-96E5BCEE007C}.Release|Any CPU.ActiveCfg = Release|Any CPU
		{5CAAFEDA-C380-47EA-A5F0-96E5BCEE007C}.Release|Any CPU.Build.0 = Release|Any CPU
		{0FE4A000-A501-4B9D-9114-FE0E665F5745}.Debug|Any CPU.ActiveCfg = Debug|Any CPU
		{0FE4A000-A501-4B9D-9114-FE0E665F5745}.Debug|Any CPU.Build.0 = Debug|Any CPU
		{0FE4A000-A501-4B9D-9114-FE0E665F5745}.Release|Any CPU.ActiveCfg = Release|Any CPU
		{0FE4A000-A501-4B9D-9114-FE0E665F5745}.Release|Any CPU.Build.0 = Release|Any CPU
	EndGlobalSection
	GlobalSection(SolutionProperties) = preSolution
		HideSolutionNode = FALSE
	EndGlobalSection
	GlobalSection(ExtensibilityGlobals) = postSolution
		SolutionGuid = {C0E11066-5163-42A1-BD8D-09E0229B27EF}
	EndGlobalSection
EndGlobal
